hash: 2e6f595194e150a1e61219da0b8b5d46fab0f8e504c9d62e3b7a796c4afc8be7
updated: 2017-12-17T17:14:22.548466111-05:00
imports:
- name: github.com/bradfitz/slice
  version: d9036e2120b5ddfa53f3ebccd618c4af275f47da
- name: github.com/clarifai/clarifai-go
  version: 34e1c18b44e6ecfc4dab7ad935514dfad2c05bcc
- name: github.com/garyburd/redigo
  version: 47dc60e71eed504e3ef8e77ee3c6fe720f3be57f
  subpackages:
  - internal
  - redis
- name: github.com/mpmlj/clarifai-client-go
  version: 213583be50406c129db06900d99a4d02894caf60
- name: go4.org
  version: 034d17a462f7b2dcd1a4a73553ec5357ff6e6c6e
  subpackages:
  - reflectutil
testImports: []
